// !$*UTF8*$!
{
	archiveVersion = 1;
	classes = {
	};
	objectVersion = 46;
	objects = {

/* Begin PBXBuildFile section */
		CC93C0E41EE17BF2009ED960 /* main.m in Sources */ = {isa = PBXBuildFile; fileRef = CC93C0E31EE17BF2009ED960 /* main.m */; };
		CC93C0E71EE17BF2009ED960 /* AppDelegate.m in Sources */ = {isa = PBXBuildFile; fileRef = CC93C0E61EE17BF2009ED960 /* AppDelegate.m */; };
		CC93C0EA1EE17BF2009ED960 /* ww.m in Sources */ = {isa = PBXBuildFile; fileRef = CC93C0E91EE17BF2009ED960 /* ww.m */; };
		CC93C0ED1EE17BF2009ED960 /* yo.storyboard in Resources */ = {isa = PBXBuildFile; fileRef = CC93C0EB1EE17BF2009ED960 /* yo.storyboard */; };
		CC93C0EF1EE17BF2009ED960 /* Assets.xcassets in Resources */ = {isa = PBXBuildFile; fileRef = CC93C0EE1EE17BF2009ED960 /* Assets.xcassets */; };
		CC93C0F21EE17BF2009ED960 /* LaunchScreen.storyboard in Resources */ = {isa = PBXBuildFile; fileRef = CC93C0F01EE17BF2009ED960 /* LaunchScreen.storyboard */; };
/* End PBXBuildFile section */

/* Begin PBXFileReference section */
		CC93C0DF1EE17BF2009ED960 /* la.app */ = {isa = PBXFileReference; explicitFileType = wrapper.application; includeInIndex = 0; path = la.app; sourceTree = BUILT_PRODUCTS_DIR; };
		CC93C0E31EE17BF2009ED960 /* main.m */ = {isa = PBXFileReference; lastKnownFileType = sourcecode.c.objc; path = main.m; sourceTree = "<group>"; };
		CC93C0E51EE17BF2009ED960 /* AppDelegate.h */ = {isa = PBXFileReference; lastKnownFileType = sourcecode.c.h; path = AppDelegate.h; sourceTree = "<group>"; };
		CC93C0E61EE17BF2009ED960 /* AppDelegate.m */ = {isa = PBXFileReference; lastKnownFileType = sourcecode.c.objc; path = AppDelegate.m; sourceTree = "<group>"; };
		CC93C0E81EE17BF2009ED960 /* ViewController.h */ = {isa = PBXFileReference; lastKnownFileType = sourcecode.c.h; path = ViewController.h; sourceTree = "<group>"; };
		CC93C0E91EE17BF2009ED960 /* ww.m */ = {isa = PBXFileReference; lastKnownFileType = sourcecode.c.objc; path = ww.m; sourceTree = "<group>"; };
		CC93C0EC1EE17BF2009ED960 /* Base */ = {isa = PBXFileReference; lastKnownFileType = file.storyboard; name = Base; path = Base.lproj/Main.storyboard; sourceTree = "<group>"; };
		CC93C0EE1EE17BF2009ED960 /* Assets.xcassets */ = {isa = PBXFileReference; lastKnownFileType = folder.assetcatalog; path = Assets.xcassets; sourceTree = "<group>"; };
		CC93C0F11EE17BF2009ED960 /* Base */ = {isa = PBXFileReference; lastKnownFileType = file.storyboard; name = Base; path = Base.lproj/LaunchScreen.storyboard; sourceTree = "<group>"; };
		CC93C0F31EE17BF2009ED960 /* Info.plist */ = {isa = PBXFileReference; lastKnownFileType = text.plist.xml; path = Info.plist; sourceTree = "<group>"; };
/* End PBXFileReference section */

/* Begin PBXFrameworksBuildPhase section */
		CC93C0DC1EE17BF2009ED960 /* Frameworks */ = {
			isa = PBXFrameworksBuildPhase;
			buildActionMask = 2147483647;
			files = (
			);
			runOnlyForDeploymentPostprocessing = 0;
		};
/* End PBXFrameworksBuildPhase section */

/* Begin PBXGroup section */
		CC93C0D61EE17BF2009ED960 = {
			isa = PBXGroup;
			children = (
				CC93C0E11EE17BF2009ED960 /* la */,
				CC93C0E01EE17BF2009ED960 /* Products */,
			);
			sourceTree = "<group>";
		};
		CC93C0E01EE17BF2009ED960 /* Products */ = {
			isa = PBXGroup;
			children = (
				CC93C0DF1EE17BF2009ED960 /* la.app */,
			);
			name = Products;
			sourceTree = "<group>";
		};
		CC93C0E11EE17BF2009ED960 /* la */ = {
			isa = PBXGroup;
			children = (
				CC93C0E51EE17BF2009ED960 /* AppDelegate.h */,
				CC93C0E61EE17BF2009ED960 /* AppDelegate.m */,
				CC93C0E81EE17BF2009ED960 /* ViewController.h */,
				CC93C0E91EE17BF2009ED960 /* ww.m */,
				CC93C0EB1EE17BF2009ED960 /* yo.storyboard */,
				CC93C0EE1EE17BF2009ED960 /* Assets.xcassets */,
				CC93C0F01EE17BF2009ED960 /* LaunchScreen.storyboard */,
				CC93C0F31EE17BF2009ED960 /* Info.plist */,
				CC93C0E21EE17BF2009ED960 /* Supporting Files */,
			);
			path = la;
			sourceTree = "<group>";
		};
		CC93C0E21EE17BF2009ED960 /* Supporting Files */ = {
			isa = PBXGroup;
			children = (
				CC93C0E31EE17BF2009ED960 /* main.m */,
			);
			name = "Supporting Files";
			sourceTree = "<group>";
		};
/* End PBXGroup section */

/* Begin PBXNativeTarget section */
		CC93C0DE1EE17BF2009ED960 /* la */ = {
			isa = PBXNativeTarget;
			buildConfigurationList = CC93C0F61EE17BF2009ED960 /* Build configuration list for PBXNativeTarget "la" */;
			buildPhases = (
				CC93C0DB1EE17BF2009ED960 /* Sources */,
				CC93C0DC1EE17BF2009ED960 /* Frameworks */,
				CC93C0DD1EE17BF2009ED960 /* Resources */,
			);
			buildRules = (
			);
			dependencies = (
			);
			name = la;
			productName = la;
			productReference = CC93C0DF1EE17BF2009ED960 /* la.app */;
			productType = "com.apple.product-type.application";
		};
/* End PBXNativeTarget section */

/* Begin PBXProject section */
		CC93C0D71EE17BF2009ED960 /* Project object */ = {
			isa = PBXProject;
			attributes = {
				LastUpgradeCheck = 0830;
				ORGANIZATIONNAME = jq;
				TargetAttributes = {
					CC93C0DE1EE17BF2009ED960 = {
						CreatedOnToolsVersion = 8.3;
						DevelopmentTeam = 2V642Y77Z6;
						ProvisioningStyle = Automatic;
					};
				};
			};
			buildConfigurationList = CC93C0DA1EE17BF2009ED960 /* Build configuration list for PBXProject "la" */;
			compatibilityVersion = "Xcode 3.2";
			developmentRegion = English;
			hasScannedForEncodings = 0;
			knownRegions = (
				en,
				Base,
			);
			mainGroup = CC93C0D61EE17BF2009ED960;
			productRefGroup = CC93C0E01EE17BF2009ED960 /* Products */;
			projectDirPath = "";
			projectRoot = "";
			targets = (
				CC93C0DE1EE17BF2009ED960 /* la */,
			);
		};
/* End PBXProject section */

/* Begin PBXResourcesBuildPhase section */
		CC93C0DD1EE17BF2009ED960 /* Resources */ = {
			isa = PBXResourcesBuildPhase;
			buildActionMask = 2147483647;
			files = (
				CC93C0F21EE17BF2009ED960 /* LaunchScreen.storyboard in Resources */,
				CC93C0EF1EE17BF2009ED960 /* Assets.xcassets in Resources */,
				CC93C0ED1EE17BF2009ED960 /* yo.storyboard in Resources */,
			);
			runOnlyForDeploymentPostprocessing = 0;
		};
/* End PBXResourcesBuildPhase section */

/* Begin PBXSourcesBuildPhase section */
		CC93C0DB1EE17BF2009ED960 /* Sources */ = {
			isa = PBXSourcesBuildPhase;
			buildActionMask = 2147483647;
			files = (
				CC93C0EA1EE17BF2009ED960 /* ww.m in Sources */,
				CC93C0E71EE17BF2009ED960 /* AppDelegate.m in Sources */,
				CC93C0E41EE17BF2009ED960 /* main.m in Sources */,
			);
			runOnlyForDeploymentPostprocessing = 0;
		};
/* End PBXSourcesBuildPhase section */

/* Begin PBXVariantGroup section */
		CC93C0EB1EE17BF2009ED960 /* yo.storyboard */ = {
			isa = PBXVariantGroup;
			children = (
				CC93C0EC1EE17BF2009ED960 /* Base */,
			);
			name = yo.storyboard;
			sourceTree = "<group>";
		};
		CC93C0F01EE17BF2009ED960 /* LaunchScreen.storyboard */ = {
			isa = PBXVariantGroup;
			children = (
				CC93C0F11EE17BF2009ED960 /* Base */,
			);
			name = LaunchScreen.storyboard;
			sourceTree = "<group>";
		};
/* End PBXVariantGroup section */

/* Begin XCBuildConfiguration section */
		CC93C0F41EE17BF2009ED960 /* Debug */ = {
			isa = XCBuildConfiguration;
			buildSettings = {
				ALWAYS_SEARCH_USER_PATHS = NO;
				CLANG_ANALYZER_NONNULL = YES;
				CLANG_ANALYZER_NUMBER_OBJECT_CONVERSION = YES_AGGRESSIVE;
				CLANG_CXX_LANGUAGE_STANDARD = "gnu++0x";
				CLANG_CXX_LIBRARY = "libc++";
				CLANG_ENABLE_MODULES = YES;
				CLANG_ENABLE_OBJC_ARC = YES;
				CLANG_WARN_BOOL_CONVERSION = YES;
				CLANG_WARN_CONSTANT_CONVERSION = YES;
				CLANG_WARN_DIRECT_OBJC_ISA_USAGE = YES_ERROR;
				CLANG_WARN_DOCUMENTATION_COMMENTS = YES;
				CLANG_WARN_EMPTY_BODY = YES;
				CLANG_WARN_ENUM_CONVERSION = YES;
				CLANG_WARN_INFINITE_RECURSION = YES;
				CLANG_WARN_INT_CONVERSION = YES;
				CLANG_WARN_OBJC_ROOT_CLASS = YES_ERROR;
				CLANG_WARN_SUSPICIOUS_MOVE = YES;
				CLANG_WARN_UNREACHABLE_CODE = YES;
				CLANG_WARN__DUPLICATE_METHOD_MATCH = YES;
				"CODE_SIGN_IDENTITY[sdk=iphoneos*]" = "iPhone Developer";
				COPY_PHASE_STRIP = NO;
				DEBUG_INFORMATION_FORMAT = dwarf;
				ENABLE_STRICT_OBJC_MSGSEND = YES;
				ENABLE_TESTABILITY = YES;
				GCC_C_LANGUAGE_STANDARD = gnu99;
				GCC_DYNAMIC_NO_PIC = NO;
				GCC_NO_COMMON_BLOCKS = YES;
				GCC_OPTIMIZATION_LEVEL = 0;
				GCC_PREPROCESSOR_DEFINITIONS = (
					"DEBUG=1",
					"$(inherited)",
				);
				GCC_WARN_64_TO_32_BIT_CONVERSION = YES;
				GCC_WARN_ABOUT_RETURN_TYPE = YES_ERROR;
				GCC_WARN_UNDECLARED_SELECTOR = YES;
				GCC_WARN_UNINITIALIZED_AUTOS = YES_AGGRESSIVE;
				GCC_WARN_UNUSED_FUNCTION = YES;
				GCC_WARN_UNUSED_VARIABLE = YES;
				IPHONEOS_DEPLOYMENT_TARGET = 10.3;
				MTL_ENABLE_DEBUG_INFO = YES;
				ONLY_ACTIVE_ARCH = YES;
				SDKROOT = iphoneos;
				TARGETED_DEVICE_FAMILY = "1,2";
			};
			name = Debug;
		};
		CC93C0F51EE17BF2009ED960 /* Release */ = {
			isa = XCBuildConfiguration;
			buildSettings = {
				ALWAYS_SEARCH_USER_PATHS = NO;
				CLANG_ANALYZER_NONNULL = YES;
				CLANG_ANALYZER_NUMBER_OBJECT_CONVERSION = YES_AGGRESSIVE;
				CLANG_CXX_LANGUAGE_STANDARD = "gnu++0x";
				CLANG_CXX_LIBRARY = "libc++";
				CLANG_ENABLE_MODULES = YES;
				CLANG_ENABLE_OBJC_ARC = YES;
				CLANG_WARN_BOOL_CONVERSION = YES;
				CLANG_WARN_CONSTANT_CONVERSION = YES;
				CLANG_WARN_DIRECT_OBJC_ISA_USAGE = YES_ERROR;
				CLANG_WARN_DOCUMENTATION_COMMENTS = YES;
				CLANG_WARN_EMPTY_BODY = YES;
				CLANG_WARN_ENUM_CONVERSION = YES;
				CLANG_WARN_INFINITE_RECURSION = YES;
				CLANG_WARN_INT_CONVERSION = YES;
				CLANG_WARN_OBJC_ROOT_CLASS = YES_ERROR;
				CLANG_WARN_SUSPICIOUS_MOVE = YES;
				CLANG_WARN_UNREACHABLE_CODE = YES;
				CLANG_WARN__DUPLICATE_METHOD_MATCH = YES;
				"CODE_SIGN_IDENTITY[sdk=iphoneos*]" = "iPhone Developer";
				COPY_PHASE_STRIP = NO;
				DEBUG_INFORMATION_FORMAT = "dwarf-with-dsym";
				ENABLE_NS_ASSERTIONS = NO;
				ENABLE_STRICT_OBJC_MSGSEND = YES;
				GCC_C_LANGUAGE_STANDARD = gnu99;
				GCC_NO_COMMON_BLOCKS = YES;
				GCC_WARN_64_TO_32_BIT_CONVERSION = YES;
				GCC_WARN_ABOUT_RETURN_TYPE = YES_ERROR;
				GCC_WARN_UNDECLARED_SELECTOR = YES;
				GCC_WARN_UNINITIALIZED_AUTOS = YES_AGGRESSIVE;
				GCC_WARN_UNUSED_FUNCTION = YES;
				GCC_WARN_UNUSED_VARIABLE = YES;
				IPHONEOS_DEPLOYMENT_TARGET = 10.3;
				MTL_ENABLE_DEBUG_INFO = NO;
				SDKROOT = iphoneos;
				TARGETED_DEVICE_FAMILY = "1,2";
				VALIDATE_PRODUCT = YES;
			};
			name = Release;
		};
		CC93C0F71EE17BF2009ED960 /* Debug */ = {
			isa = XCBuildConfiguration;
			buildSettings = {
				ASSETCATALOG_COMPILER_APPICON_NAME = AppIcon;
				DEVELOPMENT_TEAM = 2V642Y77Z6;
				INFOPLIST_FILE = la/Info.plist;
				LD_RUNPATH_SEARCH_PATHS = "$(inherited) @executable_path/Frameworks";
				PRODUCT_BUNDLE_IDENTIFIER = jq.la;
				PRODUCT_NAME = "$(TARGET_NAME)";
			};
			name = Debug;
		};
		CC93C0F81EE17BF2009ED960 /* Release */ = {
			isa = XCBuildConfiguration;
			buildSettings = {
				ASSETCATALOG_COMPILER_APPICON_NAME = AppIcon;
				DEVELOPMENT_TEAM = 2V642Y77Z6;
				INFOPLIST_FILE = la/Info.plist;
				LD_RUNPATH_SEARCH_PATHS = "$(inherited) @executable_path/Frameworks";
				PRODUCT_BUNDLE_IDENTIFIER = jq.la;
				PRODUCT_NAME = "$(TARGET_NAME)";
			};
			name = Release;
		};
/* End XCBuildConfiguration section */

/* Begin XCConfigurationList section */
		CC93C0DA1EE17BF2009ED960 /* Build configuration list for PBXProject "la" */ = {
			isa = XCConfigurationList;
			buildConfigurations = (
				CC93C0F41EE17BF2009ED960 /* Debug */,
				CC93C0F51EE17BF2009ED960 /* Release */,
			);
			defaultConfigurationIsVisible = 0;
			defaultConfigurationName = Release;
		};
		CC93C0F61EE17BF2009ED960 /* Build configuration list for PBXNativeTarget "la" */ = {
			isa = XCConfigurationList;
			buildConfigurations = (
				CC93C0F71EE17BF2009ED960 /* Debug */,
				CC93C0F81EE17BF2009ED960 /* Release */,
			);
			defaultConfigurationIsVisible = 0;
			defaultConfigurationName = Release;
		};
/* End XCConfigurationList section */
	};
	rootObject = CC93C0D71EE17BF2009ED960 /* Project object */;
}
